
Microsoft Visual Studio Solution File, Format Version 12.00
# Visual Studio 2010
Project("{FAE04EC0-301F-11D3-BF4B-00C04F79EFBC}") = "Framework", "Framework\Framework.csproj", "{3C921F10-2196-4C84-A786-5D33F081FD83}"
EndProject
Project("{FAE04EC0-301F-11D3-BF4B-00C04F79EFBC}") = "Web", "Web\Web.csproj", "{CB095CEC-4C30-443B-B403-A77AD52AFC52}"
	ProjectSection(ProjectDependencies) = postProject
		{C342DD2A-0F3B-4619-819B-5F0EBFF86B41} = {C342DD2A-0F3B-4619-819B-5F0EBFF86B41}
	EndProjectSection
EndProject
Project("{FAE04EC0-301F-11D3-BF4B-00C04F79EFBC}") = "1. Smiling Face", "Demos\1-Smiling-Face\1. Smiling Face.csproj", "{C342DD2A-0F3B-4619-819B-5F0EBFF86B41}"
EndProject
Project("{2150E333-8FDC-42A3-9474-1A3956D46DE8}") = "Demos", "Demos", "{08F27E97-014E-4A20-B18F-6DA89C095EF8}"
EndProject
Project("{FAE04EC0-301F-11D3-BF4B-00C04F79EFBC}") = "2. Bouncing Ball", "Demos\2. Bouncing Ball\2. Bouncing Ball.csproj", "{26B985D5-1421-456A-AB55-4483BBA1255D}"
EndProject
Project("{FAE04EC0-301F-11D3-BF4B-00C04F79EFBC}") = "3. Large Map", "Demos\3. Large Map\3. Large Map.csproj", "{7173E95A-6C81-484D-BBD1-578E0C713948}"
EndProject
Project("{FAE04EC0-301F-11D3-BF4B-00C04F79EFBC}") = "4. Retro Look", "Demos\4. Retro Look\4. Retro Look.csproj", "{5658EE37-857F-4803-A9B2-C4359029BC7D}"
EndProject
Global
	GlobalSection(SolutionConfigurationPlatforms) = preSolution
		Debug|Any CPU = Debug|Any CPU
		Release|Any CPU = Release|Any CPU
	EndGlobalSection
	GlobalSection(ProjectConfigurationPlatforms) = postSolution
		{3C921F10-2196-4C84-A786-5D33F081FD83}.Debug|Any CPU.ActiveCfg = Debug|Any CPU
		{3C921F10-2196-4C84-A786-5D33F081FD83}.Debug|Any CPU.Build.0 = Debug|Any CPU
		{3C921F10-2196-4C84-A786-5D33F081FD83}.Release|Any CPU.ActiveCfg = Release|Any CPU
		{3C921F10-2196-4C84-A786-5D33F081FD83}.Release|Any CPU.Build.0 = Release|Any CPU
		{CB095CEC-4C30-443B-B403-A77AD52AFC52}.Debug|Any CPU.ActiveCfg = Debug|Any CPU
		{CB095CEC-4C30-443B-B403-A77AD52AFC52}.Debug|Any CPU.Build.0 = Debug|Any CPU
		{CB095CEC-4C30-443B-B403-A77AD52AFC52}.Release|Any CPU.ActiveCfg = Release|Any CPU
		{CB095CEC-4C30-443B-B403-A77AD52AFC52}.Release|Any CPU.Build.0 = Release|Any CPU
		{C342DD2A-0F3B-4619-819B-5F0EBFF86B41}.Debug|Any CPU.ActiveCfg = Debug|Any CPU
		{C342DD2A-0F3B-4619-819B-5F0EBFF86B41}.Debug|Any CPU.Build.0 = Debug|Any CPU
		{C342DD2A-0F3B-4619-819B-5F0EBFF86B41}.Release|Any CPU.ActiveCfg = Release|Any CPU
		{C342DD2A-0F3B-4619-819B-5F0EBFF86B41}.Release|Any CPU.Build.0 = Release|Any CPU
		{26B985D5-1421-456A-AB55-4483BBA1255D}.Debug|Any CPU.ActiveCfg = Debug|Any CPU
		{26B985D5-1421-456A-AB55-4483BBA1255D}.Debug|Any CPU.Build.0 = Debug|Any CPU
		{26B985D5-1421-456A-AB55-4483BBA1255D}.Release|Any CPU.ActiveCfg = Release|Any CPU
		{26B985D5-1421-456A-AB55-4483BBA1255D}.Release|Any CPU.Build.0 = Release|Any CPU
		{7173E95A-6C81-484D-BBD1-578E0C713948}.Debug|Any CPU.ActiveCfg = Debug|Any CPU
		{7173E95A-6C81-484D-BBD1-578E0C713948}.Debug|Any CPU.Build.0 = Debug|Any CPU
		{7173E95A-6C81-484D-BBD1-578E0C713948}.Release|Any CPU.ActiveCfg = Release|Any CPU
		{7173E95A-6C81-484D-BBD1-578E0C713948}.Release|Any CPU.Build.0 = Release|Any CPU
		{5658EE37-857F-4803-A9B2-C4359029BC7D}.Debug|Any CPU.ActiveCfg = Debug|Any CPU
		{5658EE37-857F-4803-A9B2-C4359029BC7D}.Debug|Any CPU.Build.0 = Debug|Any CPU
		{5658EE37-857F-4803-A9B2-C4359029BC7D}.Release|Any CPU.ActiveCfg = Release|Any CPU
		{5658EE37-857F-4803-A9B2-C4359029BC7D}.Release|Any CPU.Build.0 = Release|Any CPU
	EndGlobalSection
	GlobalSection(SolutionProperties) = preSolution
		HideSolutionNode = FALSE
	EndGlobalSection
	GlobalSection(NestedProjects) = preSolution
		{C342DD2A-0F3B-4619-819B-5F0EBFF86B41} = {08F27E97-014E-4A20-B18F-6DA89C095EF8}
		{26B985D5-1421-456A-AB55-4483BBA1255D} = {08F27E97-014E-4A20-B18F-6DA89C095EF8}
		{7173E95A-6C81-484D-BBD1-578E0C713948} = {08F27E97-014E-4A20-B18F-6DA89C095EF8}
		{5658EE37-857F-4803-A9B2-C4359029BC7D} = {08F27E97-014E-4A20-B18F-6DA89C095EF8}
	EndGlobalSection
EndGlobal
